
Microsoft Visual Studio Solution File, Format Version 12.00
# Visual Studio Version 17
VisualStudioVersion = 17.14.36518.9 d17.14
MinimumVisualStudioVersion = 10.0.40219.1
Project("{FAE04EC0-301F-11D3-BF4B-00C04F79EFBC}") = "MachineIdChecker", "MachineIdChecker\MachineIdChecker.csproj", "{E1C316BF-C35B-4AAF-8C8B-4CC64013E16E}"
EndProject
Project("{FAE04EC0-301F-11D3-BF4B-00C04F79EFBC}") = "MyApplication", "MyApplication\MyApplication.csproj", "{0DCF68D1-EE2E-41A3-9AEA-919A7639B92D}"
EndProject
Project("{FAE04EC0-301F-11D3-BF4B-00C04F79EFBC}") = "Shared", "Shared\Shared.csproj", "{4C26CAAB-DA8D-4FAE-941F-031D8A4AF23A}"
EndProject
Global
	GlobalSection(SolutionConfigurationPlatforms) = preSolution
		Debug|Any CPU = Debug|Any CPU
		Release|Any CPU = Release|Any CPU
	EndGlobalSection
	GlobalSection(ProjectConfigurationPlatforms) = postSolution
		{E1C316BF-C35B-4AAF-8C8B-4CC64013E16E}.Debug|Any CPU.ActiveCfg = Debug|Any CPU
		{E1C316BF-C35B-4AAF-8C8B-4CC64013E16E}.Debug|Any CPU.Build.0 = Debug|Any CPU
		{E1C316BF-C35B-4AAF-8C8B-4CC64013E16E}.Release|Any CPU.ActiveCfg = Release|Any CPU
		{E1C316BF-C35B-4AAF-8C8B-4CC64013E16E}.Release|Any CPU.Build.0 = Release|Any CPU
		{0DCF68D1-EE2E-41A3-9AEA-919A7639B92D}.Debug|Any CPU.ActiveCfg = Debug|Any CPU
		{0DCF68D1-EE2E-41A3-9AEA-919A7639B92D}.Debug|Any CPU.Build.0 = Debug|Any CPU
		{0DCF68D1-EE2E-41A3-9AEA-919A7639B92D}.Release|Any CPU.ActiveCfg = Release|Any CPU
		{0DCF68D1-EE2E-41A3-9AEA-919A7639B92D}.Release|Any CPU.Build.0 = Release|Any CPU
		{4C26CAAB-DA8D-4FAE-941F-031D8A4AF23A}.Debug|Any CPU.ActiveCfg = Debug|Any CPU
		{4C26CAAB-DA8D-4FAE-941F-031D8A4AF23A}.Debug|Any CPU.Build.0 = Debug|Any CPU
		{4C26CAAB-DA8D-4FAE-941F-031D8A4AF23A}.Release|Any CPU.ActiveCfg = Release|Any CPU
		{4C26CAAB-DA8D-4FAE-941F-031D8A4AF23A}.Release|Any CPU.Build.0 = Release|Any CPU
	EndGlobalSection
	GlobalSection(SolutionProperties) = preSolution
		HideSolutionNode = FALSE
	EndGlobalSection
	GlobalSection(ExtensibilityGlobals) = postSolution
		SolutionGuid = {1879233C-2C13-42C2-B62E-42B4A5C795AC}
	EndGlobalSection
EndGlobal
